
Microsoft Visual Studio Solution File, Format Version 12.00
# Visual Studio Version 17
VisualStudioVersion = 17.14.36811.4 d17.14
MinimumVisualStudioVersion = 10.0.40219.1
Project("{FAE04EC0-301F-11D3-BF4B-00C04F79EFBC}") = "ProductService.API", "ProductService.API\ProductService.API.csproj", "{46B8E295-50E4-46CE-B104-B3805A4B34E7}"
EndProject
Global
	GlobalSection(SolutionConfigurationPlatforms) = preSolution
		Debug|Any CPU = Debug|Any CPU
		Release|Any CPU = Release|Any CPU
	EndGlobalSection
	GlobalSection(ProjectConfigurationPlatforms) = postSolution
		{46B8E295-50E4-46CE-B104-B3805A4B34E7}.Debug|Any CPU.ActiveCfg = Debug|Any CPU
		{46B8E295-50E4-46CE-B104-B3805A4B34E7}.Debug|Any CPU.Build.0 = Debug|Any CPU
		{46B8E295-50E4-46CE-B104-B3805A4B34E7}.Release|Any CPU.ActiveCfg = Release|Any CPU
		{46B8E295-50E4-46CE-B104-B3805A4B34E7}.Release|Any CPU.Build.0 = Release|Any CPU
	EndGlobalSection
	GlobalSection(SolutionProperties) = preSolution
		HideSolutionNode = FALSE
	EndGlobalSection
	GlobalSection(ExtensibilityGlobals) = postSolution
		SolutionGuid = {6714F499-0F56-4D5F-94FE-6D286B2CA806}
	EndGlobalSection
EndGlobal
