
Microsoft Visual Studio Solution File, Format Version 12.00
# Visual Studio Version 17
VisualStudioVersion = 17.14.36811.4
MinimumVisualStudioVersion = 10.0.40219.1
Project("{FAE04EC0-301F-11D3-BF4B-00C04F79EFBC}") = "OrderService.API", "OrderService.API\OrderService.API.csproj", "{04BC8913-E4E1-4361-98CC-37878F41309A}"
EndProject
Project("{FAE04EC0-301F-11D3-BF4B-00C04F79EFBC}") = "OrderService.Application", "OrderService.Application\OrderService.Application.csproj", "{8780FDF0-673B-4D26-9219-763B0363250A}"
EndProject
Project("{FAE04EC0-301F-11D3-BF4B-00C04F79EFBC}") = "OrderService.InfraStructure", "OrderService.InfraStructure\OrderService.InfraStructure.csproj", "{2FFEEBAE-8BE5-46DF-BEA6-0A678A696E66}"
EndProject
Project("{FAE04EC0-301F-11D3-BF4B-00C04F79EFBC}") = "OrderService.Domain", "OrderService.Domain\OrderService.Domain.csproj", "{B35645E7-B038-44A2-90B8-4B345F41CBAF}"
EndProject
Project("{2150E333-8FDC-42A3-9474-1A3956D46DE8}") = "OrderService.Tests", "OrderService.Tests", "{02EA681E-C7D8-13C7-8484-4AC65E1B71E8}"
EndProject
Project("{FAE04EC0-301F-11D3-BF4B-00C04F79EFBC}") = "OrderService.Domain.Tests", "OrderService.Tests\OrderService.Domain.Tests\OrderService.Domain.Tests.csproj", "{67533FCA-FC70-4414-A125-733119CB179B}"
EndProject
Project("{FAE04EC0-301F-11D3-BF4B-00C04F79EFBC}") = "OrderService.Application.Tests", "OrderService.Application.Tests\OrderService.Application.Tests.csproj", "{3A52DC73-2CDC-4499-BBF3-4F776C3C4BD0}"
EndProject
Project("{FAE04EC0-301F-11D3-BF4B-00C04F79EFBC}") = "OrderService.Infrastructure.Tests", "OrderService.Infrastructure.Tests\OrderService.Infrastructure.Tests.csproj", "{20B0CBBC-1528-499B-8091-77FC41E738AA}"
EndProject
Global
	GlobalSection(SolutionConfigurationPlatforms) = preSolution
		Debug|Any CPU = Debug|Any CPU
		Release|Any CPU = Release|Any CPU
	EndGlobalSection
	GlobalSection(ProjectConfigurationPlatforms) = postSolution
		{04BC8913-E4E1-4361-98CC-37878F41309A}.Debug|Any CPU.ActiveCfg = Debug|Any CPU
		{04BC8913-E4E1-4361-98CC-37878F41309A}.Debug|Any CPU.Build.0 = Debug|Any CPU
		{04BC8913-E4E1-4361-98CC-37878F41309A}.Release|Any CPU.ActiveCfg = Release|Any CPU
		{04BC8913-E4E1-4361-98CC-37878F41309A}.Release|Any CPU.Build.0 = Release|Any CPU
		{8780FDF0-673B-4D26-9219-763B0363250A}.Debug|Any CPU.ActiveCfg = Debug|Any CPU
		{8780FDF0-673B-4D26-9219-763B0363250A}.Debug|Any CPU.Build.0 = Debug|Any CPU
		{8780FDF0-673B-4D26-9219-763B0363250A}.Release|Any CPU.ActiveCfg = Release|Any CPU
		{8780FDF0-673B-4D26-9219-763B0363250A}.Release|Any CPU.Build.0 = Release|Any CPU
		{2FFEEBAE-8BE5-46DF-BEA6-0A678A696E66}.Debug|Any CPU.ActiveCfg = Debug|Any CPU
		{2FFEEBAE-8BE5-46DF-BEA6-0A678A696E66}.Debug|Any CPU.Build.0 = Debug|Any CPU
		{2FFEEBAE-8BE5-46DF-BEA6-0A678A696E66}.Release|Any CPU.ActiveCfg = Release|Any CPU
		{2FFEEBAE-8BE5-46DF-BEA6-0A678A696E66}.Release|Any CPU.Build.0 = Release|Any CPU
		{B35645E7-B038-44A2-90B8-4B345F41CBAF}.Debug|Any CPU.ActiveCfg = Debug|Any CPU
		{B35645E7-B038-44A2-90B8-4B345F41CBAF}.Debug|Any CPU.Build.0 = Debug|Any CPU
		{B35645E7-B038-44A2-90B8-4B345F41CBAF}.Release|Any CPU.ActiveCfg = Release|Any CPU
		{B35645E7-B038-44A2-90B8-4B345F41CBAF}.Release|Any CPU.Build.0 = Release|Any CPU
		{67533FCA-FC70-4414-A125-733119CB179B}.Debug|Any CPU.ActiveCfg = Debug|Any CPU
		{67533FCA-FC70-4414-A125-733119CB179B}.Debug|Any CPU.Build.0 = Debug|Any CPU
		{67533FCA-FC70-4414-A125-733119CB179B}.Release|Any CPU.ActiveCfg = Release|Any CPU
		{67533FCA-FC70-4414-A125-733119CB179B}.Release|Any CPU.Build.0 = Release|Any CPU
		{3A52DC73-2CDC-4499-BBF3-4F776C3C4BD0}.Debug|Any CPU.ActiveCfg = Debug|Any CPU
		{3A52DC73-2CDC-4499-BBF3-4F776C3C4BD0}.Debug|Any CPU.Build.0 = Debug|Any CPU
		{3A52DC73-2CDC-4499-BBF3-4F776C3C4BD0}.Release|Any CPU.ActiveCfg = Release|Any CPU
		{3A52DC73-2CDC-4499-BBF3-4F776C3C4BD0}.Release|Any CPU.Build.0 = Release|Any CPU
		{20B0CBBC-1528-499B-8091-77FC41E738AA}.Debug|Any CPU.ActiveCfg = Debug|Any CPU
		{20B0CBBC-1528-499B-8091-77FC41E738AA}.Debug|Any CPU.Build.0 = Debug|Any CPU
		{20B0CBBC-1528-499B-8091-77FC41E738AA}.Release|Any CPU.ActiveCfg = Release|Any CPU
		{20B0CBBC-1528-499B-8091-77FC41E738AA}.Release|Any CPU.Build.0 = Release|Any CPU
	EndGlobalSection
	GlobalSection(SolutionProperties) = preSolution
		HideSolutionNode = FALSE
	EndGlobalSection
	GlobalSection(NestedProjects) = preSolution
		{67533FCA-FC70-4414-A125-733119CB179B} = {02EA681E-C7D8-13C7-8484-4AC65E1B71E8}
		{3A52DC73-2CDC-4499-BBF3-4F776C3C4BD0} = {02EA681E-C7D8-13C7-8484-4AC65E1B71E8}
		{20B0CBBC-1528-499B-8091-77FC41E738AA} = {02EA681E-C7D8-13C7-8484-4AC65E1B71E8}
	EndGlobalSection
	GlobalSection(ExtensibilityGlobals) = postSolution
		SolutionGuid = {9F02ADDB-DE0E-45C0-B79D-AC454627967B}
	EndGlobalSection
EndGlobal
